<?xml version="1.0" encoding="utf-8"?>
<Project ToolsVersion="4.0" xmlns="http://schemas.microsoft.com/developer/msbuild/2003">
  <ItemGroup>
    <Filter Include="소스 파일">
      <UniqueIdentifier>{4FC737F1-C7A5-4376-A066-2A32D752A2FF}</UniqueIdentifier>
      <Extensions>cpp;c;cc;cxx;c++;cppm;ixx;def;odl;idl;hpj;bat;asm;asmx</Extensions>
    </Filter>
    <Filter Include="헤더 파일">
      <UniqueIdentifier>{93995380-89BD-4b04-88EB-625FBE52EBFB}</UniqueIdentifier>
      <Extensions>h;hh;hpp;hxx;h++;hm;inl;inc;ipp;xsd</Extensions>
    </Filter>
    <Filter Include="리소스 파일">
      <UniqueIdentifier>{67DA6AB6-F800-4c08-8B7A-83BB121AAD01}</UniqueIdentifier>
      <Extensions>rc;ico;cur;bmp;dlg;rc2;rct;bin;rgs;gif;jpg;jpeg;jpe;resx;tiff;tif;png;wav;mfcribbon-ms</Extensions>
    </Filter>
  </ItemGroup>
  <ItemGroup>
    <ClCompile Include="week04_01.c">
      <Filter>소스 파일</Filter>
    </ClCompile>
    <ClCompile Include="week04_02.c">
      <Filter>소스 파일</Filter>
    </ClCompile>
    <ClCompile Include="week04_03.c">
      <Filter>소스 파일</Filter>
    </ClCompile>
    <ClCompile Include="week05_01.c">
      <Filter>소스 파일</Filter>
    </ClCompile>
    <ClCompile Include="week05_02.c">
      <Filter>소스 파일</Filter>
    </ClCompile>
    <ClCompile Include="week05_03.c">
      <Filter>소스 파일</Filter>
    </ClCompile>
    <ClCompile Include="week05_04.c">
      <Filter>소스 파일</Filter>
    </ClCompile>
    <ClCompile Include="week05_05.c">
      <Filter>소스 파일</Filter>
    </ClCompile>
    <ClCompile Include="week05_06.c">
      <Filter>소스 파일</Filter>
    </ClCompile>
    <ClCompile Include="week05_07.c">
      <Filter>소스 파일</Filter>
    </ClCompile>
    <ClCompile Include="week06_01.c">
      <Filter>소스 파일</Filter>
    </ClCompile>
    <ClCompile Include="week06_02.c">
      <Filter>소스 파일</Filter>
    </ClCompile>
    <ClCompile Include="week06_03.c">
      <Filter>소스 파일</Filter>
    </ClCompile>
    <ClCompile Include="week06_04.c">
      <Filter>소스 파일</Filter>
    </ClCompile>
    <ClCompile Include="week06_05.c">
      <Filter>소스 파일</Filter>
    </ClCompile>
    <ClCompile Include="week07_01.c">
      <Filter>소스 파일</Filter>
    </ClCompile>
    <ClCompile Include="week07_02.c">
      <Filter>소스 파일</Filter>
    </ClCompile>
    <ClCompile Include="week07_03.c">
      <Filter>소스 파일</Filter>
    </ClCompile>
    <ClCompile Include="week07_04.c">
      <Filter>소스 파일</Filter>
    </ClCompile>
    <ClCompile Include="week07_05.c">
      <Filter>소스 파일</Filter>
    </ClCompile>
    <ClCompile Include="week07_06.c">
      <Filter>소스 파일</Filter>
    </ClCompile>
    <ClCompile Include="week07_07.c">
      <Filter>소스 파일</Filter>
    </ClCompile>
    <ClCompile Include="week07_08.c">
      <Filter>소스 파일</Filter>
    </ClCompile>
    <ClCompile Include="week07_09.c">
      <Filter>소스 파일</Filter>
    </ClCompile>
    <ClCompile Include="week07_10.c">
      <Filter>소스 파일</Filter>
    </ClCompile>
    <ClCompile Include="week07_11.c">
      <Filter>소스 파일</Filter>
    </ClCompile>
    <ClCompile Include="week07_12.c">
      <Filter>소스 파일</Filter>
    </ClCompile>
    <ClCompile Include="week07_13.c">
      <Filter>소스 파일</Filter>
    </ClCompile>
    <ClCompile Include="week07_14.c">
      <Filter>소스 파일</Filter>
    </ClCompile>
    <ClCompile Include="week07_15.c">
      <Filter>소스 파일</Filter>
    </ClCompile>
    <ClCompile Include="week07_16.c">
      <Filter>소스 파일</Filter>
    </ClCompile>
    <ClCompile Include="week08_01.c">
      <Filter>소스 파일</Filter>
    </ClCompile>
    <ClCompile Include="week08_02.c">
      <Filter>소스 파일</Filter>
    </ClCompile>
    <ClCompile Include="week08_03.c">
      <Filter>소스 파일</Filter>
    </ClCompile>
    <ClCompile Include="week08_04.c">
      <Filter>소스 파일</Filter>
    </ClCompile>
    <ClCompile Include="week08_05.c">
      <Filter>소스 파일</Filter>
    </ClCompile>
    <ClCompile Include="week08_06.c">
      <Filter>소스 파일</Filter>
    </ClCompile>
    <ClCompile Include="week08_07.c">
      <Filter>소스 파일</Filter>
    </ClCompile>
    <ClCompile Include="week08_08.c">
      <Filter>소스 파일</Filter>
    </ClCompile>
    <ClCompile Include="week08_09.c">
      <Filter>소스 파일</Filter>
    </ClCompile>
    <ClCompile Include="week09_01.c">
      <Filter>소스 파일</Filter>
    </ClCompile>
    <ClCompile Include="week09_02.c">
      <Filter>소스 파일</Filter>
    </ClCompile>
    <ClCompile Include="week09_03.c">
      <Filter>소스 파일</Filter>
    </ClCompile>
    <ClCompile Include="week09_04.c">
      <Filter>소스 파일</Filter>
    </ClCompile>
    <ClCompile Include="week09_05.c">
      <Filter>소스 파일</Filter>
    </ClCompile>
    <ClCompile Include="week09_06.c">
      <Filter>소스 파일</Filter>
    </ClCompile>
    <ClCompile Include="week09_07.c">
      <Filter>소스 파일</Filter>
    </ClCompile>
    <ClCompile Include="week09_08.c">
      <Filter>소스 파일</Filter>
    </ClCompile>
    <ClCompile Include="week09_09.c">
      <Filter>소스 파일</Filter>
    </ClCompile>
    <ClCompile Include="week09_10.c">
      <Filter>소스 파일</Filter>
    </ClCompile>
    <ClCompile Include="week09_11.c">
      <Filter>소스 파일</Filter>
    </ClCompile>
    <ClCompile Include="week09_12.c">
      <Filter>소스 파일</Filter>
    </ClCompile>
    <ClCompile Include="week09_13.c">
      <Filter>소스 파일</Filter>
    </ClCompile>
    <ClCompile Include="week09_14.c">
      <Filter>소스 파일</Filter>
    </ClCompile>
    <ClCompile Include="week09_15.c">
      <Filter>소스 파일</Filter>
    </ClCompile>
    <ClCompile Include="week09_16.c">
      <Filter>소스 파일</Filter>
    </ClCompile>
    <ClCompile Include="week10_01.c">
      <Filter>소스 파일</Filter>
    </ClCompile>
    <ClCompile Include="week10_02.c">
      <Filter>소스 파일</Filter>
    </ClCompile>
    <ClCompile Include="week10_03.c">
      <Filter>소스 파일</Filter>
    </ClCompile>
    <ClCompile Include="week10_04.c">
      <Filter>소스 파일</Filter>
    </ClCompile>
    <ClCompile Include="week10_05.c">
      <Filter>소스 파일</Filter>
    </ClCompile>
    <ClCompile Include="week10_06.c">
      <Filter>소스 파일</Filter>
    </ClCompile>
    <ClCompile Include="week10_07.c">
      <Filter>소스 파일</Filter>
    </ClCompile>
    <ClCompile Include="week10_08.c">
      <Filter>소스 파일</Filter>
    </ClCompile>
    <ClCompile Include="week10_09.c">
      <Filter>소스 파일</Filter>
    </ClCompile>
    <ClCompile Include="week10_10.c">
      <Filter>소스 파일</Filter>
    </ClCompile>
    <ClCompile Include="week11_01.c">
      <Filter>소스 파일</Filter>
    </ClCompile>
    <ClCompile Include="week11_02.c">
      <Filter>소스 파일</Filter>
    </ClCompile>
    <ClCompile Include="week11_03.c">
      <Filter>소스 파일</Filter>
    </ClCompile>
    <ClCompile Include="week11_04.c">
      <Filter>소스 파일</Filter>
    </ClCompile>
    <ClCompile Include="week11_05.c">
      <Filter>소스 파일</Filter>
    </ClCompile>
    <ClCompile Include="week11_06.c">
      <Filter>소스 파일</Filter>
    </ClCompile>
    <ClCompile Include="week11_07.c">
      <Filter>소스 파일</Filter>
    </ClCompile>
    <ClCompile Include="week11_08.c">
      <Filter>소스 파일</Filter>
    </ClCompile>
    <ClCompile Include="week11_09.c">
      <Filter>소스 파일</Filter>
    </ClCompile>
    <ClCompile Include="week11_10.c">
      <Filter>소스 파일</Filter>
    </ClCompile>
    <ClCompile Include="week11_11.c">
      <Filter>소스 파일</Filter>
    </ClCompile>
    <ClCompile Include="week12_01.c">
      <Filter>소스 파일</Filter>
    </ClCompile>
    <ClCompile Include="week12_02.c">
      <Filter>소스 파일</Filter>
    </ClCompile>
    <ClCompile Include="week12_03.c">
      <Filter>소스 파일</Filter>
    </ClCompile>
    <ClCompile Include="week12_04.c">
      <Filter>소스 파일</Filter>
    </ClCompile>
    <ClCompile Include="week12_05.c">
      <Filter>소스 파일</Filter>
    </ClCompile>
    <ClCompile Include="week12_06.c">
      <Filter>소스 파일</Filter>
    </ClCompile>
    <ClCompile Include="week12_07.c">
      <Filter>소스 파일</Filter>
    </ClCompile>
    <ClCompile Include="week13_01.c">
      <Filter>소스 파일</Filter>
    </ClCompile>
    <ClCompile Include="week13_02.c">
      <Filter>소스 파일</Filter>
    </ClCompile>
    <ClCompile Include="week13_03.c">
      <Filter>소스 파일</Filter>
    </ClCompile>
    <ClCompile Include="week13_04.c">
      <Filter>소스 파일</Filter>
    </ClCompile>
    <ClCompile Include="week13_05.c">
      <Filter>소스 파일</Filter>
    </ClCompile>
    <ClCompile Include="week14_01.c">
      <Filter>소스 파일</Filter>
    </ClCompile>
    <ClCompile Include="week14_02.c">
      <Filter>소스 파일</Filter>
    </ClCompile>
    <ClCompile Include="week14_03.c">
      <Filter>소스 파일</Filter>
    </ClCompile>
    <ClCompile Include="week15_01.c">
      <Filter>소스 파일</Filter>
    </ClCompile>
    <ClCompile Include="week15_02.c">
      <Filter>소스 파일</Filter>
    </ClCompile>
    <ClCompile Include="week15_03.c">
      <Filter>소스 파일</Filter>
    </ClCompile>
    <ClCompile Include="week16_01.c">
      <Filter>소스 파일</Filter>
    </ClCompile>
    <ClCompile Include="week16_02.c">
      <Filter>소스 파일</Filter>
    </ClCompile>
    <ClCompile Include="week16_03.c">
      <Filter>소스 파일</Filter>
    </ClCompile>
    <ClCompile Include="week16_04.c">
      <Filter>소스 파일</Filter>
    </ClCompile>
    <ClCompile Include="week16_05.c">
      <Filter>소스 파일</Filter>
    </ClCompile>
    <ClCompile Include="week16_06.c">
      <Filter>소스 파일</Filter>
    </ClCompile>
    <ClCompile Include="week18_01.c">
      <Filter>소스 파일</Filter>
    </ClCompile>
    <ClCompile Include="week18_02.c">
      <Filter>소스 파일</Filter>
    </ClCompile>
    <ClCompile Include="week18_03.c">
      <Filter>소스 파일</Filter>
    </ClCompile>
    <ClCompile Include="week18_04.c">
      <Filter>소스 파일</Filter>
    </ClCompile>
    <ClCompile Include="week19_01.c">
      <Filter>소스 파일</Filter>
    </ClCompile>
    <ClCompile Include="week19_02.c">
      <Filter>소스 파일</Filter>
    </ClCompile>
    <ClCompile Include="week19_03.c">
      <Filter>소스 파일</Filter>
    </ClCompile>
    <ClCompile Include="week19_04.c">
      <Filter>소스 파일</Filter>
    </ClCompile>
    <ClCompile Include="week19_05.c">
      <Filter>소스 파일</Filter>
    </ClCompile>
    <ClCompile Include="week19_06.c">
      <Filter>소스 파일</Filter>
    </ClCompile>
    <ClCompile Include="week20_01.c">
      <Filter>소스 파일</Filter>
    </ClCompile>
  </ItemGroup>
  <ItemGroup>
    <ClInclude Include="week20_01.h">
      <Filter>소스 파일</Filter>
    </ClInclude>
  </ItemGroup>
</Project>